
Microsoft Visual Studio Solution File, Format Version 12.00
# Visual Studio Version 17
VisualStudioVersion = 17.2.32519.379
MinimumVisualStudioVersion = 10.0.40219.1
Project("{FAE04EC0-301F-11D3-BF4B-00C04F79EFBC}") = "CraftMacroMatcher", "CraftMacroMatcher\CraftMacroMatcher.csproj", "{69BC1878-259A-43DA-9412-35F27D7881CE}"
EndProject
Global
	GlobalSection(SolutionConfigurationPlatforms) = preSolution
		Debug|Any CPU = Debug|Any CPU
		Release|Any CPU = Release|Any CPU
	EndGlobalSection
	GlobalSection(ProjectConfigurationPlatforms) = postSolution
		{69BC1878-259A-43DA-9412-35F27D7881CE}.Debug|Any CPU.ActiveCfg = Debug|Any CPU
		{69BC1878-259A-43DA-9412-35F27D7881CE}.Debug|Any CPU.Build.0 = Debug|Any CPU
		{69BC1878-259A-43DA-9412-35F27D7881CE}.Release|Any CPU.ActiveCfg = Release|Any CPU
		{69BC1878-259A-43DA-9412-35F27D7881CE}.Release|Any CPU.Build.0 = Release|Any CPU
	EndGlobalSection
	GlobalSection(SolutionProperties) = preSolution
		HideSolutionNode = FALSE
	EndGlobalSection
	GlobalSection(ExtensibilityGlobals) = postSolution
		SolutionGuid = {0D475168-E363-4631-9DB5-DE7D4AE30D68}
	EndGlobalSection
EndGlobal
